<?xml version="1.0" encoding="utf-8"?>
<Project ToolsVersion="4.0" xmlns="http://schemas.microsoft.com/developer/msbuild/2003">
  <ItemGroup>
    <Filter Include="Source Files">
      <UniqueIdentifier>{cef04a4d-7cc9-42ff-aba4-d5d4d017c572}</UniqueIdentifier>
      <Extensions>cpp;c;cxx;rc;def;r;odl;idl;hpj;bat</Extensions>
    </Filter>
    <Filter Include="Source Files\MP3">
      <UniqueIdentifier>{2bb395e2-5a34-499e-98cc-cec7250120b9}</UniqueIdentifier>
    </Filter>
    <Filter Include="Source Files\MFC">
      <UniqueIdentifier>{a1b2c3d4-e5f6-7890-abcd-ef1234567890}</UniqueIdentifier>
    </Filter>
    <Filter Include="Source Files\MFC\Dundas">
      <UniqueIdentifier>{b2c3d4e5-f6a7-8901-bcde-f12345678901}</UniqueIdentifier>
    </Filter>
    <Filter Include="Source Files\MFC\Layout">
      <UniqueIdentifier>{c3d4e5f6-a7b8-9012-cdef-123456789012}</UniqueIdentifier>
    </Filter>
    <Filter Include="Header Files">
      <UniqueIdentifier>{58257b1a-7759-4869-ac49-7cf636212b7c}</UniqueIdentifier>
      <Extensions>h;hpp;hxx;hm;inl</Extensions>
    </Filter>
    <Filter Include="Resource Files">
      <UniqueIdentifier>{75fd0eb0-e545-4333-9bb7-98dbfce7b955}</UniqueIdentifier>
      <Extensions>ico;cur;bmp;dlg;rc2;rct;bin;rgs;gif;jpg;jpeg;jpe</Extensions>
    </Filter>
  </ItemGroup>
  <ItemGroup>
    <ClCompile Include="browsedlg.cpp">
      <Filter>Source Files</Filter>
    </ClCompile>
    <ClCompile Include="ClearBits.cpp">
      <Filter>Source Files</Filter>
    </ClCompile>
    <ClCompile Include="Filename.cpp">
      <Filter>Source Files</Filter>
    </ClCompile>
    <ClCompile Include="Options.cpp">
      <Filter>Source Files</Filter>
    </ClCompile>
    <ClCompile Include="REG.CPP">
      <Filter>Source Files</Filter>
    </ClCompile>
    <ClCompile Include="ResFile.cpp">
      <Filter>Source Files</Filter>
    </ClCompile>
    <ClCompile Include="SAMPBUF.CPP">
      <Filter>Source Files</Filter>
    </ClCompile>
    <ClCompile Include="StdAfx.cpp">
      <Filter>Source Files</Filter>
    </ClCompile>
    <ClCompile Include="WINPLACE.CPP">
      <Filter>Source Files</Filter>
    </ClCompile>
    <ClCompile Include="MP3\id3_int28.cpp">
      <Filter>Source Files\MP3</Filter>
    </ClCompile>
    <ClCompile Include="MP3\MCWaveReader.cpp">
      <Filter>Source Files\MP3</Filter>
    </ClCompile>
    <ClCompile Include="MFC\ClearBitsDlg.cpp">
      <Filter>Source Files\MFC</Filter>
    </ClCompile>
    <ClCompile Include="MFC\DibWnd.cpp">
      <Filter>Source Files\MFC</Filter>
    </ClCompile>
    <ClCompile Include="MFC\HyperLink.cpp">
      <Filter>Source Files\MFC</Filter>
    </ClCompile>
    <ClCompile Include="MFC\SearchDlg.cpp">
      <Filter>Source Files\MFC</Filter>
    </ClCompile>
    <ClCompile Include="MFC\SeekDlg.cpp">
      <Filter>Source Files\MFC</Filter>
    </ClCompile>
    <ClCompile Include="MFC\Dundas\OXInteger.cpp">
      <Filter>Source Files\MFC\Dundas</Filter>
    </ClCompile>
    <ClCompile Include="MFC\Dundas\OXStatic.cpp">
      <Filter>Source Files\MFC\Dundas</Filter>
    </ClCompile>
    <ClCompile Include="MFC\Dundas\UTBStrOp.cpp">
      <Filter>Source Files\MFC\Dundas</Filter>
    </ClCompile>
    <ClCompile Include="MFC\Layout\Layout.c">
      <Filter>Source Files\MFC\Layout</Filter>
    </ClCompile>
  </ItemGroup>
  <ItemGroup>
    <ClInclude Include="browsedlg.h">
      <Filter>Source Files</Filter>
    </ClInclude>
    <ClInclude Include="ClearBits.h">
      <Filter>Header Files</Filter>
    </ClInclude>
    <ClInclude Include="Options.h">
      <Filter>Source Files</Filter>
    </ClInclude>
    <ClInclude Include="REG.H">
      <Filter>Source Files</Filter>
    </ClInclude>
    <ClInclude Include="ResFile.h">
      <Filter>Header Files</Filter>
    </ClInclude>
    <ClInclude Include="Resource.h">
      <Filter>Header Files</Filter>
    </ClInclude>
    <ClInclude Include="StdAfx.h">
      <Filter>Header Files</Filter>
    </ClInclude>
    <ClInclude Include="WINPLACE.H">
      <Filter>Header Files</Filter>
    </ClInclude>
    <ClInclude Include="MP3\id3_int28.h">
      <Filter>Source Files\MP3</Filter>
    </ClInclude>
    <ClInclude Include="MP3\MCWaveReader.h">
      <Filter>Source Files\MP3</Filter>
    </ClInclude>
    <ClInclude Include="MFC\ClearBitsDlg.h">
      <Filter>Source Files\MFC</Filter>
    </ClInclude>
    <ClInclude Include="MFC\DibWnd.h">
      <Filter>Source Files\MFC</Filter>
    </ClInclude>
    <ClInclude Include="MFC\hyperlink.h">
      <Filter>Source Files\MFC</Filter>
    </ClInclude>
    <ClInclude Include="MFC\SearchDlg.h">
      <Filter>Source Files\MFC</Filter>
    </ClInclude>
    <ClInclude Include="MFC\SeekDlg.h">
      <Filter>Source Files\MFC</Filter>
    </ClInclude>
    <ClInclude Include="MFC\Dundas\OXDllExt.h">
      <Filter>Source Files\MFC\Dundas</Filter>
    </ClInclude>
    <ClInclude Include="MFC\Dundas\OXInteger.h">
      <Filter>Source Files\MFC\Dundas</Filter>
    </ClInclude>
    <ClInclude Include="MFC\Dundas\OXStatic.h">
      <Filter>Source Files\MFC\Dundas</Filter>
    </ClInclude>
    <ClInclude Include="MFC\Dundas\utbstrop.h">
      <Filter>Source Files\MFC\Dundas</Filter>
    </ClInclude>
    <ClInclude Include="MFC\Layout\Layout.h">
      <Filter>Source Files\MFC\Layout</Filter>
    </ClInclude>
    <ClInclude Include="MFC\Layout\Win95ADG.h">
      <Filter>Source Files\MFC\Layout</Filter>
    </ClInclude>
  </ItemGroup>
  <ItemGroup>
    <ResourceCompile Include="ClearBits.rc">
      <Filter>Source Files</Filter>
    </ResourceCompile>
  </ItemGroup>
  <ItemGroup>
    <None Include="MFC\Dundas\OXInteger.inl">
      <Filter>Source Files\MFC\Dundas</Filter>
    </None>
    <None Include="res\ClearBits.rc2">
      <Filter>Resource Files</Filter>
    </None>
    <None Include="res\random.bin">
      <Filter>Resource Files</Filter>
    </None>
    <None Include="readme.md" />
  </ItemGroup>
  <ItemGroup>
    <Image Include="res\ClearBits.ico">
      <Filter>Resource Files</Filter>
    </Image>
    <Image Include="res\icon_off.ico">
      <Filter>Resource Files</Filter>
    </Image>
    <Image Include="res\icon_on.ico">
      <Filter>Resource Files</Filter>
    </Image>
    <Image Include="res\logo256.bmp">
      <Filter>Resource Files</Filter>
    </Image>
  </ItemGroup>
</Project>
